// !$*UTF8*$!
{
	archiveVersion = 1;
	classes = {
	};
	objectVersion = 55;
	objects = {

/* Begin PBXBuildFile section */
		543CE3A228C4FF8D003ECD97 /* AppDelegate.swift in Sources */ = {isa = PBXBuildFile; fileRef = 543CE3A128C4FF8D003ECD97 /* AppDelegate.swift */; };
		543CE3A428C4FF8D003ECD97 /* SceneDelegate.swift in Sources */ = {isa = PBXBuildFile; fileRef = 543CE3A328C4FF8D003ECD97 /* SceneDelegate.swift */; };
		543CE3A628C4FF8D003ECD97 /* ViewController.swift in Sources */ = {isa = PBXBuildFile; fileRef = 543CE3A528C4FF8D003ECD97 /* ViewController.swift */; };
		543CE3A928C4FF8D003ECD97 /* Main.storyboard in Resources */ = {isa = PBXBuildFile; fileRef = 543CE3A728C4FF8D003ECD97 /* Main.storyboard */; };
		543CE3AB28C4FF91003ECD97 /* Assets.xcassets in Resources */ = {isa = PBXBuildFile; fileRef = 543CE3AA28C4FF91003ECD97 /* Assets.xcassets */; };
		543CE3AE28C4FF91003ECD97 /* LaunchScreen.storyboard in Resources */ = {isa = PBXBuildFile; fileRef = 543CE3AC28C4FF91003ECD97 /* LaunchScreen.storyboard */; };
		543CE3B928C4FF91003ECD97 /* DeliveryFoodyTests.swift in Sources */ = {isa = PBXBuildFile; fileRef = 543CE3B828C4FF91003ECD97 /* DeliveryFoodyTests.swift */; };
		543CE3C328C4FF91003ECD97 /* DeliveryFoodyUITests.swift in Sources */ = {isa = PBXBuildFile; fileRef = 543CE3C228C4FF91003ECD97 /* DeliveryFoodyUITests.swift */; };
		543CE3C528C4FF91003ECD97 /* DeliveryFoodyUITestsLaunchTests.swift in Sources */ = {isa = PBXBuildFile; fileRef = 543CE3C428C4FF91003ECD97 /* DeliveryFoodyUITestsLaunchTests.swift */; };
/* End PBXBuildFile section */

/* Begin PBXContainerItemProxy section */
		543CE3B528C4FF91003ECD97 /* PBXContainerItemProxy */ = {
			isa = PBXContainerItemProxy;
			containerPortal = 543CE39628C4FF8D003ECD97 /* Project object */;
			proxyType = 1;
			remoteGlobalIDString = 543CE39D28C4FF8D003ECD97;
			remoteInfo = DeliveryFoody;
		};
		543CE3BF28C4FF91003ECD97 /* PBXContainerItemProxy */ = {
			isa = PBXContainerItemProxy;
			containerPortal = 543CE39628C4FF8D003ECD97 /* Project object */;
			proxyType = 1;
			remoteGlobalIDString = 543CE39D28C4FF8D003ECD97;
			remoteInfo = DeliveryFoody;
		};
/* End PBXContainerItemProxy section */

/* Begin PBXFileReference section */
		543CE39E28C4FF8D003ECD97 /* DeliveryFoody.app */ = {isa = PBXFileReference; explicitFileType = wrapper.application; includeInIndex = 0; path = DeliveryFoody.app; sourceTree = BUILT_PRODUCTS_DIR; };
		543CE3A128C4FF8D003ECD97 /* AppDelegate.swift */ = {isa = PBXFileReference; lastKnownFileType = sourcecode.swift; path = AppDelegate.swift; sourceTree = "<group>"; };
		543CE3A328C4FF8D003ECD97 /* SceneDelegate.swift */ = {isa = PBXFileReference; lastKnownFileType = sourcecode.swift; path = SceneDelegate.swift; sourceTree = "<group>"; };
		543CE3A528C4FF8D003ECD97 /* ViewController.swift */ = {isa = PBXFileReference; lastKnownFileType = sourcecode.swift; path = ViewController.swift; sourceTree = "<group>"; };
		543CE3A828C4FF8D003ECD97 /* Base */ = {isa = PBXFileReference; lastKnownFileType = file.storyboard; name = Base; path = Base.lproj/Main.storyboard; sourceTree = "<group>"; };
		543CE3AA28C4FF91003ECD97 /* Assets.xcassets */ = {isa = PBXFileReference; lastKnownFileType = folder.assetcatalog; path = Assets.xcassets; sourceTree = "<group>"; };
		543CE3AD28C4FF91003ECD97 /* Base */ = {isa = PBXFileReference; lastKnownFileType = file.storyboard; name = Base; path = Base.lproj/LaunchScreen.storyboard; sourceTree = "<group>"; };
		543CE3AF28C4FF91003ECD97 /* Info.plist */ = {isa = PBXFileReference; lastKnownFileType = text.plist.xml; path = Info.plist; sourceTree = "<group>"; };
		543CE3B428C4FF91003ECD97 /* DeliveryFoodyTests.xctest */ = {isa = PBXFileReference; explicitFileType = wrapper.cfbundle; includeInIndex = 0; path = DeliveryFoodyTests.xctest; sourceTree = BUILT_PRODUCTS_DIR; };
		543CE3B828C4FF91003ECD97 /* DeliveryFoodyTests.swift */ = {isa = PBXFileReference; lastKnownFileType = sourcecode.swift; path = DeliveryFoodyTests.swift; sourceTree = "<group>"; };
		543CE3BE28C4FF91003ECD97 /* DeliveryFoodyUITests.xctest */ = {isa = PBXFileReference; explicitFileType = wrapper.cfbundle; includeInIndex = 0; path = DeliveryFoodyUITests.xctest; sourceTree = BUILT_PRODUCTS_DIR; };
		543CE3C228C4FF91003ECD97 /* DeliveryFoodyUITests.swift */ = {isa = PBXFileReference; lastKnownFileType = sourcecode.swift; path = DeliveryFoodyUITests.swift; sourceTree = "<group>"; };
		543CE3C428C4FF91003ECD97 /* DeliveryFoodyUITestsLaunchTests.swift */ = {isa = PBXFileReference; lastKnownFileType = sourcecode.swift; path = DeliveryFoodyUITestsLaunchTests.swift; sourceTree = "<group>"; };
/* End PBXFileReference section */

/* Begin PBXFrameworksBuildPhase section */
		543CE39B28C4FF8D003ECD97 /* Frameworks */ = {
			isa = PBXFrameworksBuildPhase;
			buildActionMask = 2147483647;
			files = (
			);
			runOnlyForDeploymentPostprocessing = 0;
		};
		543CE3B128C4FF91003ECD97 /* Frameworks */ = {
			isa = PBXFrameworksBuildPhase;
			buildActionMask = 2147483647;
			files = (
			);
			runOnlyForDeploymentPostprocessing = 0;
		};
		543CE3BB28C4FF91003ECD97 /* Frameworks */ = {
			isa = PBXFrameworksBuildPhase;
			buildActionMask = 2147483647;
			files = (
			);
			runOnlyForDeploymentPostprocessing = 0;
		};
/* End PBXFrameworksBuildPhase section */

/* Begin PBXGroup section */
		543CE39528C4FF8D003ECD97 = {
			isa = PBXGroup;
			children = (
				543CE3A028C4FF8D003ECD97 /* DeliveryFoody */,
				543CE3B728C4FF91003ECD97 /* DeliveryFoodyTests */,
				543CE3C128C4FF91003ECD97 /* DeliveryFoodyUITests */,
				543CE39F28C4FF8D003ECD97 /* Products */,
			);
			sourceTree = "<group>";
		};
		543CE39F28C4FF8D003ECD97 /* Products */ = {
			isa = PBXGroup;
			children = (
				543CE39E28C4FF8D003ECD97 /* DeliveryFoody.app */,
				543CE3B428C4FF91003ECD97 /* DeliveryFoodyTests.xctest */,
				543CE3BE28C4FF91003ECD97 /* DeliveryFoodyUITests.xctest */,
			);
			name = Products;
			sourceTree = "<group>";
		};
		543CE3A028C4FF8D003ECD97 /* DeliveryFoody */ = {
			isa = PBXGroup;
			children = (
				543CE3A128C4FF8D003ECD97 /* AppDelegate.swift */,
				543CE3A328C4FF8D003ECD97 /* SceneDelegate.swift */,
				543CE3A528C4FF8D003ECD97 /* ViewController.swift */,
				543CE3A728C4FF8D003ECD97 /* Main.storyboard */,
				543CE3AA28C4FF91003ECD97 /* Assets.xcassets */,
				543CE3AC28C4FF91003ECD97 /* LaunchScreen.storyboard */,
				543CE3AF28C4FF91003ECD97 /* Info.plist */,
			);
			path = DeliveryFoody;
			sourceTree = "<group>";
		};
		543CE3B728C4FF91003ECD97 /* DeliveryFoodyTests */ = {
			isa = PBXGroup;
			children = (
				543CE3B828C4FF91003ECD97 /* DeliveryFoodyTests.swift */,
			);
			path = DeliveryFoodyTests;
			sourceTree = "<group>";
		};
		543CE3C128C4FF91003ECD97 /* DeliveryFoodyUITests */ = {
			isa = PBXGroup;
			children = (
				543CE3C228C4FF91003ECD97 /* DeliveryFoodyUITests.swift */,
				543CE3C428C4FF91003ECD97 /* DeliveryFoodyUITestsLaunchTests.swift */,
			);
			path = DeliveryFoodyUITests;
			sourceTree = "<group>";
		};
/* End PBXGroup section */

/* Begin PBXNativeTarget section */
		543CE39D28C4FF8D003ECD97 /* DeliveryFoody */ = {
			isa = PBXNativeTarget;
			buildConfigurationList = 543CE3C828C4FF91003ECD97 /* Build configuration list for PBXNativeTarget "DeliveryFoody" */;
			buildPhases = (
				543CE39A28C4FF8D003ECD97 /* Sources */,
				543CE39B28C4FF8D003ECD97 /* Frameworks */,
				543CE39C28C4FF8D003ECD97 /* Resources */,
			);
			buildRules = (
			);
			dependencies = (
			);
			name = DeliveryFoody;
			productName = DeliveryFoody;
			productReference = 543CE39E28C4FF8D003ECD97 /* DeliveryFoody.app */;
			productType = "com.apple.product-type.application";
		};
		543CE3B328C4FF91003ECD97 /* DeliveryFoodyTests */ = {
			isa = PBXNativeTarget;
			buildConfigurationList = 543CE3CB28C4FF91003ECD97 /* Build configuration list for PBXNativeTarget "DeliveryFoodyTests" */;
			buildPhases = (
				543CE3B028C4FF91003ECD97 /* Sources */,
				543CE3B128C4FF91003ECD97 /* Frameworks */,
				543CE3B228C4FF91003ECD97 /* Resources */,
			);
			buildRules = (
			);
			dependencies = (
				543CE3B628C4FF91003ECD97 /* PBXTargetDependency */,
			);
			name = DeliveryFoodyTests;
			productName = DeliveryFoodyTests;
			productReference = 543CE3B428C4FF91003ECD97 /* DeliveryFoodyTests.xctest */;
			productType = "com.apple.product-type.bundle.unit-test";
		};
		543CE3BD28C4FF91003ECD97 /* DeliveryFoodyUITests */ = {
			isa = PBXNativeTarget;
			buildConfigurationList = 543CE3CE28C4FF91003ECD97 /* Build configuration list for PBXNativeTarget "DeliveryFoodyUITests" */;
			buildPhases = (
				543CE3BA28C4FF91003ECD97 /* Sources */,
				543CE3BB28C4FF91003ECD97 /* Frameworks */,
				543CE3BC28C4FF91003ECD97 /* Resources */,
			);
			buildRules = (
			);
			dependencies = (
				543CE3C028C4FF91003ECD97 /* PBXTargetDependency */,
			);
			name = DeliveryFoodyUITests;
			productName = DeliveryFoodyUITests;
			productReference = 543CE3BE28C4FF91003ECD97 /* DeliveryFoodyUITests.xctest */;
			productType = "com.apple.product-type.bundle.ui-testing";
		};
/* End PBXNativeTarget section */

/* Begin PBXProject section */
		543CE39628C4FF8D003ECD97 /* Project object */ = {
			isa = PBXProject;
			attributes = {
				BuildIndependentTargetsInParallel = 1;
				LastSwiftUpdateCheck = 1300;
				LastUpgradeCheck = 1300;
				TargetAttributes = {
					543CE39D28C4FF8D003ECD97 = {
						CreatedOnToolsVersion = 13.0;
					};
					543CE3B328C4FF91003ECD97 = {
						CreatedOnToolsVersion = 13.0;
						TestTargetID = 543CE39D28C4FF8D003ECD97;
					};
					543CE3BD28C4FF91003ECD97 = {
						CreatedOnToolsVersion = 13.0;
						TestTargetID = 543CE39D28C4FF8D003ECD97;
					};
				};
			};
			buildConfigurationList = 543CE39928C4FF8D003ECD97 /* Build configuration list for PBXProject "DeliveryFoody" */;
			compatibilityVersion = "Xcode 13.0";
			developmentRegion = en;
			hasScannedForEncodings = 0;
			knownRegions = (
				en,
				Base,
			);
			mainGroup = 543CE39528C4FF8D003ECD97;
			productRefGroup = 543CE39F28C4FF8D003ECD97 /* Products */;
			projectDirPath = "";
			projectRoot = "";
			targets = (
				543CE39D28C4FF8D003ECD97 /* DeliveryFoody */,
				543CE3B328C4FF91003ECD97 /* DeliveryFoodyTests */,
				543CE3BD28C4FF91003ECD97 /* DeliveryFoodyUITests */,
			);
		};
/* End PBXProject section */

/* Begin PBXResourcesBuildPhase section */
		543CE39C28C4FF8D003ECD97 /* Resources */ = {
			isa = PBXResourcesBuildPhase;
			buildActionMask = 2147483647;
			files = (
				543CE3AE28C4FF91003ECD97 /* LaunchScreen.storyboard in Resources */,
				543CE3AB28C4FF91003ECD97 /* Assets.xcassets in Resources */,
				543CE3A928C4FF8D003ECD97 /* Main.storyboard in Resources */,
			);
			runOnlyForDeploymentPostprocessing = 0;
		};
		543CE3B228C4FF91003ECD97 /* Resources */ = {
			isa = PBXResourcesBuildPhase;
			buildActionMask = 2147483647;
			files = (
			);
			runOnlyForDeploymentPostprocessing = 0;
		};
		543CE3BC28C4FF91003ECD97 /* Resources */ = {
			isa = PBXResourcesBuildPhase;
			buildActionMask = 2147483647;
			files = (
			);
			runOnlyForDeploymentPostprocessing = 0;
		};
/* End PBXResourcesBuildPhase section */

/* Begin PBXSourcesBuildPhase section */
		543CE39A28C4FF8D003ECD97 /* Sources */ = {
			isa = PBXSourcesBuildPhase;
			buildActionMask = 2147483647;
			files = (
				543CE3A628C4FF8D003ECD97 /* ViewController.swift in Sources */,
				543CE3A228C4FF8D003ECD97 /* AppDelegate.swift in Sources */,
				543CE3A428C4FF8D003ECD97 /* SceneDelegate.swift in Sources */,
			);
			runOnlyForDeploymentPostprocessing = 0;
		};
		543CE3B028C4FF91003ECD97 /* Sources */ = {
			isa = PBXSourcesBuildPhase;
			buildActionMask = 2147483647;
			files = (
				543CE3B928C4FF91003ECD97 /* DeliveryFoodyTests.swift in Sources */,
			);
			runOnlyForDeploymentPostprocessing = 0;
		};
		543CE3BA28C4FF91003ECD97 /* Sources */ = {
			isa = PBXSourcesBuildPhase;
			buildActionMask = 2147483647;
			files = (
				543CE3C528C4FF91003ECD97 /* DeliveryFoodyUITestsLaunchTests.swift in Sources */,
				543CE3C328C4FF91003ECD97 /* DeliveryFoodyUITests.swift in Sources */,
			);
			runOnlyForDeploymentPostprocessing = 0;
		};
/* End PBXSourcesBuildPhase section */

/* Begin PBXTargetDependency section */
		543CE3B628C4FF91003ECD97 /* PBXTargetDependency */ = {
			isa = PBXTargetDependency;
			target = 543CE39D28C4FF8D003ECD97 /* DeliveryFoody */;
			targetProxy = 543CE3B528C4FF91003ECD97 /* PBXContainerItemProxy */;
		};
		543CE3C028C4FF91003ECD97 /* PBXTargetDependency */ = {
			isa = PBXTargetDependency;
			target = 543CE39D28C4FF8D003ECD97 /* DeliveryFoody */;
			targetProxy = 543CE3BF28C4FF91003ECD97 /* PBXContainerItemProxy */;
		};
/* End PBXTargetDependency section */

/* Begin PBXVariantGroup section */
		543CE3A728C4FF8D003ECD97 /* Main.storyboard */ = {
			isa = PBXVariantGroup;
			children = (
				543CE3A828C4FF8D003ECD97 /* Base */,
			);
			name = Main.storyboard;
			sourceTree = "<group>";
		};
		543CE3AC28C4FF91003ECD97 /* LaunchScreen.storyboard */ = {
			isa = PBXVariantGroup;
			children = (
				543CE3AD28C4FF91003ECD97 /* Base */,
			);
			name = LaunchScreen.storyboard;
			sourceTree = "<group>";
		};
/* End PBXVariantGroup section */

/* Begin XCBuildConfiguration section */
		543CE3C628C4FF91003ECD97 /* Debug */ = {
			isa = XCBuildConfiguration;
			buildSettings = {
				ALWAYS_SEARCH_USER_PATHS = NO;
				CLANG_ANALYZER_NONNULL = YES;
				CLANG_ANALYZER_NUMBER_OBJECT_CONVERSION = YES_AGGRESSIVE;
				CLANG_CXX_LANGUAGE_STANDARD = "gnu++17";
				CLANG_CXX_LIBRARY = "libc++";
				CLANG_ENABLE_MODULES = YES;
				CLANG_ENABLE_OBJC_ARC = YES;
				CLANG_ENABLE_OBJC_WEAK = YES;
				CLANG_WARN_BLOCK_CAPTURE_AUTORELEASING = YES;
				CLANG_WARN_BOOL_CONVERSION = YES;
				CLANG_WARN_COMMA = YES;
				CLANG_WARN_CONSTANT_CONVERSION = YES;
				CLANG_WARN_DEPRECATED_OBJC_IMPLEMENTATIONS = YES;
				CLANG_WARN_DIRECT_OBJC_ISA_USAGE = YES_ERROR;
				CLANG_WARN_DOCUMENTATION_COMMENTS = YES;
				CLANG_WARN_EMPTY_BODY = YES;
				CLANG_WARN_ENUM_CONVERSION = YES;
				CLANG_WARN_INFINITE_RECURSION = YES;
				CLANG_WARN_INT_CONVERSION = YES;
				CLANG_WARN_NON_LITERAL_NULL_CONVERSION = YES;
				CLANG_WARN_OBJC_IMPLICIT_RETAIN_SELF = YES;
				CLANG_WARN_OBJC_LITERAL_CONVERSION = YES;
				CLANG_WARN_OBJC_ROOT_CLASS = YES_ERROR;
				CLANG_WARN_QUOTED_INCLUDE_IN_FRAMEWORK_HEADER = YES;
				CLANG_WARN_RANGE_LOOP_ANALYSIS = YES;
				CLANG_WARN_STRICT_PROTOTYPES = YES;
				CLANG_WARN_SUSPICIOUS_MOVE = YES;
				CLANG_WARN_UNGUARDED_AVAILABILITY = YES_AGGRESSIVE;
				CLANG_WARN_UNREACHABLE_CODE = YES;
				CLANG_WARN__DUPLICATE_METHOD_MATCH = YES;
				COPY_PHASE_STRIP = NO;
				DEBUG_INFORMATION_FORMAT = dwarf;
				ENABLE_STRICT_OBJC_MSGSEND = YES;
				ENABLE_TESTABILITY = YES;
				GCC_C_LANGUAGE_STANDARD = gnu11;
				GCC_DYNAMIC_NO_PIC = NO;
				GCC_NO_COMMON_BLOCKS = YES;
				GCC_OPTIMIZATION_LEVEL = 0;
				GCC_PREPROCESSOR_DEFINITIONS = (
					"DEBUG=1",
					"$(inherited)",
				);
				GCC_WARN_64_TO_32_BIT_CONVERSION = YES;
				GCC_WARN_ABOUT_RETURN_TYPE = YES_ERROR;
				GCC_WARN_UNDECLARED_SELECTOR = YES;
				GCC_WARN_UNINITIALIZED_AUTOS = YES_AGGRESSIVE;
				GCC_WARN_UNUSED_FUNCTION = YES;
				GCC_WARN_UNUSED_VARIABLE = YES;
				IPHONEOS_DEPLOYMENT_TARGET = 15.0;
				MTL_ENABLE_DEBUG_INFO = INCLUDE_SOURCE;
				MTL_FAST_MATH = YES;
				ONLY_ACTIVE_ARCH = YES;
				SDKROOT = iphoneos;
				SWIFT_ACTIVE_COMPILATION_CONDITIONS = DEBUG;
				SWIFT_OPTIMIZATION_LEVEL = "-Onone";
			};
			name = Debug;
		};
		543CE3C728C4FF91003ECD97 /* Release */ = {
			isa = XCBuildConfiguration;
			buildSettings = {
				ALWAYS_SEARCH_USER_PATHS = NO;
				CLANG_ANALYZER_NONNULL = YES;
				CLANG_ANALYZER_NUMBER_OBJECT_CONVERSION = YES_AGGRESSIVE;
				CLANG_CXX_LANGUAGE_STANDARD = "gnu++17";
				CLANG_CXX_LIBRARY = "libc++";
				CLANG_ENABLE_MODULES = YES;
				CLANG_ENABLE_OBJC_ARC = YES;
				CLANG_ENABLE_OBJC_WEAK = YES;
				CLANG_WARN_BLOCK_CAPTURE_AUTORELEASING = YES;
				CLANG_WARN_BOOL_CONVERSION = YES;
				CLANG_WARN_COMMA = YES;
				CLANG_WARN_CONSTANT_CONVERSION = YES;
				CLANG_WARN_DEPRECATED_OBJC_IMPLEMENTATIONS = YES;
				CLANG_WARN_DIRECT_OBJC_ISA_USAGE = YES_ERROR;
				CLANG_WARN_DOCUMENTATION_COMMENTS = YES;
				CLANG_WARN_EMPTY_BODY = YES;
				CLANG_WARN_ENUM_CONVERSION = YES;
				CLANG_WARN_INFINITE_RECURSION = YES;
				CLANG_WARN_INT_CONVERSION = YES;
				CLANG_WARN_NON_LITERAL_NULL_CONVERSION = YES;
				CLANG_WARN_OBJC_IMPLICIT_RETAIN_SELF = YES;
				CLANG_WARN_OBJC_LITERAL_CONVERSION = YES;
				CLANG_WARN_OBJC_ROOT_CLASS = YES_ERROR;
				CLANG_WARN_QUOTED_INCLUDE_IN_FRAMEWORK_HEADER = YES;
				CLANG_WARN_RANGE_LOOP_ANALYSIS = YES;
				CLANG_WARN_STRICT_PROTOTYPES = YES;
				CLANG_WARN_SUSPICIOUS_MOVE = YES;
				CLANG_WARN_UNGUARDED_AVAILABILITY = YES_AGGRESSIVE;
				CLANG_WARN_UNREACHABLE_CODE = YES;
				CLANG_WARN__DUPLICATE_METHOD_MATCH = YES;
				COPY_PHASE_STRIP = NO;
				DEBUG_INFORMATION_FORMAT = "dwarf-with-dsym";
				ENABLE_NS_ASSERTIONS = NO;
				ENABLE_STRICT_OBJC_MSGSEND = YES;
				GCC_C_LANGUAGE_STANDARD = gnu11;
				GCC_NO_COMMON_BLOCKS = YES;
				GCC_WARN_64_TO_32_BIT_CONVERSION = YES;
				GCC_WARN_ABOUT_RETURN_TYPE = YES_ERROR;
				GCC_WARN_UNDECLARED_SELECTOR = YES;
				GCC_WARN_UNINITIALIZED_AUTOS = YES_AGGRESSIVE;
				GCC_WARN_UNUSED_FUNCTION = YES;
				GCC_WARN_UNUSED_VARIABLE = YES;
				IPHONEOS_DEPLOYMENT_TARGET = 15.0;
				MTL_ENABLE_DEBUG_INFO = NO;
				MTL_FAST_MATH = YES;
				SDKROOT = iphoneos;
				SWIFT_COMPILATION_MODE = wholemodule;
				SWIFT_OPTIMIZATION_LEVEL = "-O";
				VALIDATE_PRODUCT = YES;
			};
			name = Release;
		};
		543CE3C928C4FF91003ECD97 /* Debug */ = {
			isa = XCBuildConfiguration;
			buildSettings = {
				ASSETCATALOG_COMPILER_APPICON_NAME = AppIcon;
				ASSETCATALOG_COMPILER_GLOBAL_ACCENT_COLOR_NAME = AccentColor;
				CODE_SIGN_STYLE = Automatic;
				CURRENT_PROJECT_VERSION = 1;
				GENERATE_INFOPLIST_FILE = YES;
				INFOPLIST_FILE = DeliveryFoody/Info.plist;
				INFOPLIST_KEY_UIApplicationSupportsIndirectInputEvents = YES;
				INFOPLIST_KEY_UILaunchStoryboardName = LaunchScreen;
				INFOPLIST_KEY_UIMainStoryboardFile = Main;
				INFOPLIST_KEY_UISupportedInterfaceOrientations_iPad = "UIInterfaceOrientationPortrait UIInterfaceOrientationPortraitUpsideDown UIInterfaceOrientationLandscapeLeft UIInterfaceOrientationLandscapeRight";
				INFOPLIST_KEY_UISupportedInterfaceOrientations_iPhone = "UIInterfaceOrientationPortrait UIInterfaceOrientationLandscapeLeft UIInterfaceOrientationLandscapeRight";
				LD_RUNPATH_SEARCH_PATHS = (
					"$(inherited)",
					"@executable_path/Frameworks",
				);
				MARKETING_VERSION = 1.0;
				PRODUCT_BUNDLE_IDENTIFIER = noone.DeliveryFoody;
				PRODUCT_NAME = "$(TARGET_NAME)";
				SWIFT_EMIT_LOC_STRINGS = YES;
				SWIFT_VERSION = 5.0;
				TARGETED_DEVICE_FAMILY = "1,2";
			};
			name = Debug;
		};
		543CE3CA28C4FF91003ECD97 /* Release */ = {
			isa = XCBuildConfiguration;
			buildSettings = {
				ASSETCATALOG_COMPILER_APPICON_NAME = AppIcon;
				ASSETCATALOG_COMPILER_GLOBAL_ACCENT_COLOR_NAME = AccentColor;
				CODE_SIGN_STYLE = Automatic;
				CURRENT_PROJECT_VERSION = 1;
				GENERATE_INFOPLIST_FILE = YES;
				INFOPLIST_FILE = DeliveryFoody/Info.plist;
				INFOPLIST_KEY_UIApplicationSupportsIndirectInputEvents = YES;
				INFOPLIST_KEY_UILaunchStoryboardName = LaunchScreen;
				INFOPLIST_KEY_UIMainStoryboardFile = Main;
				INFOPLIST_KEY_UISupportedInterfaceOrientations_iPad = "UIInterfaceOrientationPortrait UIInterfaceOrientationPortraitUpsideDown UIInterfaceOrientationLandscapeLeft UIInterfaceOrientationLandscapeRight";
				INFOPLIST_KEY_UISupportedInterfaceOrientations_iPhone = "UIInterfaceOrientationPortrait UIInterfaceOrientationLandscapeLeft UIInterfaceOrientationLandscapeRight";
				LD_RUNPATH_SEARCH_PATHS = (
					"$(inherited)",
					"@executable_path/Frameworks",
				);
				MARKETING_VERSION = 1.0;
				PRODUCT_BUNDLE_IDENTIFIER = noone.DeliveryFoody;
				PRODUCT_NAME = "$(TARGET_NAME)";
				SWIFT_EMIT_LOC_STRINGS = YES;
				SWIFT_VERSION = 5.0;
				TARGETED_DEVICE_FAMILY = "1,2";
			};
			name = Release;
		};
		543CE3CC28C4FF91003ECD97 /* Debug */ = {
			isa = XCBuildConfiguration;
			buildSettings = {
				ALWAYS_EMBED_SWIFT_STANDARD_LIBRARIES = YES;
				BUNDLE_LOADER = "$(TEST_HOST)";
				CODE_SIGN_STYLE = Automatic;
				CURRENT_PROJECT_VERSION = 1;
				GENERATE_INFOPLIST_FILE = YES;
				IPHONEOS_DEPLOYMENT_TARGET = 15.0;
				LD_RUNPATH_SEARCH_PATHS = (
					"$(inherited)",
					"@executable_path/Frameworks",
					"@loader_path/Frameworks",
				);
				MARKETING_VERSION = 1.0;
				PRODUCT_BUNDLE_IDENTIFIER = noone.DeliveryFoodyTests;
				PRODUCT_NAME = "$(TARGET_NAME)";
				SWIFT_EMIT_LOC_STRINGS = NO;
				SWIFT_VERSION = 5.0;
				TARGETED_DEVICE_FAMILY = "1,2";
				TEST_HOST = "$(BUILT_PRODUCTS_DIR)/DeliveryFoody.app/DeliveryFoody";
			};
			name = Debug;
		};
		543CE3CD28C4FF91003ECD97 /* Release */ = {
			isa = XCBuildConfiguration;
			buildSettings = {
				ALWAYS_EMBED_SWIFT_STANDARD_LIBRARIES = YES;
				BUNDLE_LOADER = "$(TEST_HOST)";
				CODE_SIGN_STYLE = Automatic;
				CURRENT_PROJECT_VERSION = 1;
				GENERATE_INFOPLIST_FILE = YES;
				IPHONEOS_DEPLOYMENT_TARGET = 15.0;
				LD_RUNPATH_SEARCH_PATHS = (
					"$(inherited)",
					"@executable_path/Frameworks",
					"@loader_path/Frameworks",
				);
				MARKETING_VERSION = 1.0;
				PRODUCT_BUNDLE_IDENTIFIER = noone.DeliveryFoodyTests;
				PRODUCT_NAME = "$(TARGET_NAME)";
				SWIFT_EMIT_LOC_STRINGS = NO;
				SWIFT_VERSION = 5.0;
				TARGETED_DEVICE_FAMILY = "1,2";
				TEST_HOST = "$(BUILT_PRODUCTS_DIR)/DeliveryFoody.app/DeliveryFoody";
			};
			name = Release;
		};
		543CE3CF28C4FF91003ECD97 /* Debug */ = {
			isa = XCBuildConfiguration;
			buildSettings = {
				ALWAYS_EMBED_SWIFT_STANDARD_LIBRARIES = YES;
				CODE_SIGN_STYLE = Automatic;
				CURRENT_PROJECT_VERSION = 1;
				GENERATE_INFOPLIST_FILE = YES;
				LD_RUNPATH_SEARCH_PATHS = (
					"$(inherited)",
					"@executable_path/Frameworks",
					"@loader_path/Frameworks",
				);
				MARKETING_VERSION = 1.0;
				PRODUCT_BUNDLE_IDENTIFIER = noone.DeliveryFoodyUITests;
				PRODUCT_NAME = "$(TARGET_NAME)";
				SWIFT_EMIT_LOC_STRINGS = NO;
				SWIFT_VERSION = 5.0;
				TARGETED_DEVICE_FAMILY = "1,2";
				TEST_TARGET_NAME = DeliveryFoody;
			};
			name = Debug;
		};
		543CE3D028C4FF91003ECD97 /* Release */ = {
			isa = XCBuildConfiguration;
			buildSettings = {
				ALWAYS_EMBED_SWIFT_STANDARD_LIBRARIES = YES;
				CODE_SIGN_STYLE = Automatic;
				CURRENT_PROJECT_VERSION = 1;
				GENERATE_INFOPLIST_FILE = YES;
				LD_RUNPATH_SEARCH_PATHS = (
					"$(inherited)",
					"@executable_path/Frameworks",
					"@loader_path/Frameworks",
				);
				MARKETING_VERSION = 1.0;
				PRODUCT_BUNDLE_IDENTIFIER = noone.DeliveryFoodyUITests;
				PRODUCT_NAME = "$(TARGET_NAME)";
				SWIFT_EMIT_LOC_STRINGS = NO;
				SWIFT_VERSION = 5.0;
				TARGETED_DEVICE_FAMILY = "1,2";
				TEST_TARGET_NAME = DeliveryFoody;
			};
			name = Release;
		};
/* End XCBuildConfiguration section */

/* Begin XCConfigurationList section */
		543CE39928C4FF8D003ECD97 /* Build configuration list for PBXProject "DeliveryFoody" */ = {
			isa = XCConfigurationList;
			buildConfigurations = (
				543CE3C628C4FF91003ECD97 /* Debug */,
				543CE3C728C4FF91003ECD97 /* Release */,
			);
			defaultConfigurationIsVisible = 0;
			defaultConfigurationName = Release;
		};
		543CE3C828C4FF91003ECD97 /* Build configuration list for PBXNativeTarget "DeliveryFoody" */ = {
			isa = XCConfigurationList;
			buildConfigurations = (
				543CE3C928C4FF91003ECD97 /* Debug */,
				543CE3CA28C4FF91003ECD97 /* Release */,
			);
			defaultConfigurationIsVisible = 0;
			defaultConfigurationName = Release;
		};
		543CE3CB28C4FF91003ECD97 /* Build configuration list for PBXNativeTarget "DeliveryFoodyTests" */ = {
			isa = XCConfigurationList;
			buildConfigurations = (
				543CE3CC28C4FF91003ECD97 /* Debug */,
				543CE3CD28C4FF91003ECD97 /* Release */,
			);
			defaultConfigurationIsVisible = 0;
			defaultConfigurationName = Release;
		};
		543CE3CE28C4FF91003ECD97 /* Build configuration list for PBXNativeTarget "DeliveryFoodyUITests" */ = {
			isa = XCConfigurationList;
			buildConfigurations = (
				543CE3CF28C4FF91003ECD97 /* Debug */,
				543CE3D028C4FF91003ECD97 /* Release */,
			);
			defaultConfigurationIsVisible = 0;
			defaultConfigurationName = Release;
		};
/* End XCConfigurationList section */
	};
	rootObject = 543CE39628C4FF8D003ECD97 /* Project object */;
}
